{
  "name": "application.mixin.automaton",
  "version": "0.0.1",
  "dependencies": {
    "function.signature.extender": {
      "version": "0.0.2",
      "from": "function.signature.extender@0.0.2",
      "resolved": "https://registry.npmjs.org/function.signature.extender/-/function.signature.extender-0.0.2.tgz"
    },
    "package.root": {
      "version": "0.2.0",
      "from": "package.root@",
      "resolved": "https://registry.npmjs.org/package.root/-/package.root-0.2.0.tgz"
    }
  }
}
